
Microsoft Visual Studio Solution File, Format Version 12.00
# Visual Studio Version 16
VisualStudioVersion = 16.0.29911.84
MinimumVisualStudioVersion = 10.0.40219.1
Project("{9A19103F-16F7-4668-BE54-9A1E7A4F7556}") = "Misc.BgStats.PlayService", "Misc.BgStats.PlayService\Misc.BgStats.PlayService.csproj", "{E0196F0C-2FE8-4F10-A15C-F539C644C461}"
EndProject
Global
	GlobalSection(SolutionConfigurationPlatforms) = preSolution
		Debug|Any CPU = Debug|Any CPU
		Release|Any CPU = Release|Any CPU
	EndGlobalSection
	GlobalSection(ProjectConfigurationPlatforms) = postSolution
		{E0196F0C-2FE8-4F10-A15C-F539C644C461}.Debug|Any CPU.ActiveCfg = Debug|Any CPU
		{E0196F0C-2FE8-4F10-A15C-F539C644C461}.Debug|Any CPU.Build.0 = Debug|Any CPU
		{E0196F0C-2FE8-4F10-A15C-F539C644C461}.Release|Any CPU.ActiveCfg = Release|Any CPU
		{E0196F0C-2FE8-4F10-A15C-F539C644C461}.Release|Any CPU.Build.0 = Release|Any CPU
	EndGlobalSection
	GlobalSection(SolutionProperties) = preSolution
		HideSolutionNode = FALSE
	EndGlobalSection
	GlobalSection(ExtensibilityGlobals) = postSolution
		SolutionGuid = {0EB91280-33F0-4129-86CA-063C5CC1AC8D}
	EndGlobalSection
EndGlobal
